
Microsoft Visual Studio Solution File, Format Version 12.00
# Visual Studio Version 17
VisualStudioVersion = 17.7.34003.232
MinimumVisualStudioVersion = 10.0.40219.1
Project("{FAE04EC0-301F-11D3-BF4B-00C04F79EFBC}") = "Bookings.Domain", "Bookings.Domain\Bookings.Domain.csproj", "{FE490975-1E7D-42AE-BD81-CD830E873AD9}"
EndProject
Global
	GlobalSection(SolutionConfigurationPlatforms) = preSolution
		Debug|Any CPU = Debug|Any CPU
		Release|Any CPU = Release|Any CPU
	EndGlobalSection
	GlobalSection(ProjectConfigurationPlatforms) = postSolution
		{FE490975-1E7D-42AE-BD81-CD830E873AD9}.Debug|Any CPU.ActiveCfg = Debug|Any CPU
		{FE490975-1E7D-42AE-BD81-CD830E873AD9}.Debug|Any CPU.Build.0 = Debug|Any CPU
		{FE490975-1E7D-42AE-BD81-CD830E873AD9}.Release|Any CPU.ActiveCfg = Release|Any CPU
		{FE490975-1E7D-42AE-BD81-CD830E873AD9}.Release|Any CPU.Build.0 = Release|Any CPU
	EndGlobalSection
	GlobalSection(SolutionProperties) = preSolution
		HideSolutionNode = FALSE
	EndGlobalSection
	GlobalSection(ExtensibilityGlobals) = postSolution
		SolutionGuid = {4CF43340-6408-4243-8EAA-67B46F9C9DDE}
	EndGlobalSection
EndGlobal
